// !$*UTF8*$!
{
	archiveVersion = 1;
	classes = {
	};
	objectVersion = 46;
	objects = {

/* Begin PBXBuildFile section */
		658C77A81E80129800A3201E /* WebViewController.swift in Sources */ = {isa = PBXBuildFile; fileRef = 658C77A71E80129800A3201E /* WebViewController.swift */; };
		65BAC98B1E79227600A75BE5 /* AppDelegate.swift in Sources */ = {isa = PBXBuildFile; fileRef = 65BAC98A1E79227600A75BE5 /* AppDelegate.swift */; };
		65BAC98D1E79227600A75BE5 /* MasterViewController.swift in Sources */ = {isa = PBXBuildFile; fileRef = 65BAC98C1E79227600A75BE5 /* MasterViewController.swift */; };
		65BAC98F1E79227600A75BE5 /* DetailViewController.swift in Sources */ = {isa = PBXBuildFile; fileRef = 65BAC98E1E79227600A75BE5 /* DetailViewController.swift */; };
		65BAC9921E79227600A75BE5 /* Main.storyboard in Resources */ = {isa = PBXBuildFile; fileRef = 65BAC9901E79227600A75BE5 /* Main.storyboard */; };
		65BAC9941E79227600A75BE5 /* Assets.xcassets in Resources */ = {isa = PBXBuildFile; fileRef = 65BAC9931E79227600A75BE5 /* Assets.xcassets */; };
		65BAC9971E79227600A75BE5 /* LaunchScreen.storyboard in Resources */ = {isa = PBXBuildFile; fileRef = 65BAC9951E79227600A75BE5 /* LaunchScreen.storyboard */; };
		65BAC99F1E79229600A75BE5 /* NetworkManager.swift in Sources */ = {isa = PBXBuildFile; fileRef = 65BAC99E1E79229600A75BE5 /* NetworkManager.swift */; };
		65BAC9A31E79399D00A75BE5 /* NewsCell.swift in Sources */ = {isa = PBXBuildFile; fileRef = 65BAC9A21E79399D00A75BE5 /* NewsCell.swift */; };
		65C1BDC71E7D5CB700A162A6 /* NewsItem.swift in Sources */ = {isa = PBXBuildFile; fileRef = 65C1BDC61E7D5CB700A162A6 /* NewsItem.swift */; };
		65C1BDC91E7E941500A162A6 /* ImageCell.swift in Sources */ = {isa = PBXBuildFile; fileRef = 65C1BDC81E7E941500A162A6 /* ImageCell.swift */; };
		65C1BDCD1E7E9D5200A162A6 /* GalleryViewController.swift in Sources */ = {isa = PBXBuildFile; fileRef = 65C1BDCC1E7E9D5200A162A6 /* GalleryViewController.swift */; };
/* End PBXBuildFile section */

/* Begin PBXFileReference section */
		658C77A71E80129800A3201E /* WebViewController.swift */ = {isa = PBXFileReference; fileEncoding = 4; lastKnownFileType = sourcecode.swift; path = WebViewController.swift; sourceTree = "<group>"; };
		65BAC9871E79227600A75BE5 /* HelixTask.app */ = {isa = PBXFileReference; explicitFileType = wrapper.application; includeInIndex = 0; path = HelixTask.app; sourceTree = BUILT_PRODUCTS_DIR; };
		65BAC98A1E79227600A75BE5 /* AppDelegate.swift */ = {isa = PBXFileReference; lastKnownFileType = sourcecode.swift; path = AppDelegate.swift; sourceTree = "<group>"; };
		65BAC98C1E79227600A75BE5 /* MasterViewController.swift */ = {isa = PBXFileReference; lastKnownFileType = sourcecode.swift; path = MasterViewController.swift; sourceTree = "<group>"; };
		65BAC98E1E79227600A75BE5 /* DetailViewController.swift */ = {isa = PBXFileReference; lastKnownFileType = sourcecode.swift; path = DetailViewController.swift; sourceTree = "<group>"; };
		65BAC9911E79227600A75BE5 /* Base */ = {isa = PBXFileReference; lastKnownFileType = file.storyboard; name = Base; path = Base.lproj/Main.storyboard; sourceTree = "<group>"; };
		65BAC9931E79227600A75BE5 /* Assets.xcassets */ = {isa = PBXFileReference; lastKnownFileType = folder.assetcatalog; path = Assets.xcassets; sourceTree = "<group>"; };
		65BAC9961E79227600A75BE5 /* Base */ = {isa = PBXFileReference; lastKnownFileType = file.storyboard; name = Base; path = Base.lproj/LaunchScreen.storyboard; sourceTree = "<group>"; };
		65BAC9981E79227600A75BE5 /* Info.plist */ = {isa = PBXFileReference; lastKnownFileType = text.plist.xml; path = Info.plist; sourceTree = "<group>"; };
		65BAC99E1E79229600A75BE5 /* NetworkManager.swift */ = {isa = PBXFileReference; fileEncoding = 4; lastKnownFileType = sourcecode.swift; path = NetworkManager.swift; sourceTree = "<group>"; };
		65BAC9A21E79399D00A75BE5 /* NewsCell.swift */ = {isa = PBXFileReference; fileEncoding = 4; lastKnownFileType = sourcecode.swift; path = NewsCell.swift; sourceTree = "<group>"; };
		65C1BDC61E7D5CB700A162A6 /* NewsItem.swift */ = {isa = PBXFileReference; fileEncoding = 4; lastKnownFileType = sourcecode.swift; path = NewsItem.swift; sourceTree = "<group>"; };
		65C1BDC81E7E941500A162A6 /* ImageCell.swift */ = {isa = PBXFileReference; fileEncoding = 4; lastKnownFileType = sourcecode.swift; path = ImageCell.swift; sourceTree = "<group>"; };
		65C1BDCC1E7E9D5200A162A6 /* GalleryViewController.swift */ = {isa = PBXFileReference; fileEncoding = 4; lastKnownFileType = sourcecode.swift; path = GalleryViewController.swift; sourceTree = "<group>"; };
/* End PBXFileReference section */

/* Begin PBXFrameworksBuildPhase section */
		65BAC9841E79227600A75BE5 /* Frameworks */ = {
			isa = PBXFrameworksBuildPhase;
			buildActionMask = 2147483647;
			files = (
			);
			runOnlyForDeploymentPostprocessing = 0;
		};
/* End PBXFrameworksBuildPhase section */

/* Begin PBXGroup section */
		65BAC97E1E79227600A75BE5 = {
			isa = PBXGroup;
			children = (
				65BAC9891E79227600A75BE5 /* HelixTask */,
				65BAC9881E79227600A75BE5 /* Products */,
			);
			sourceTree = "<group>";
		};
		65BAC9881E79227600A75BE5 /* Products */ = {
			isa = PBXGroup;
			children = (
				65BAC9871E79227600A75BE5 /* HelixTask.app */,
			);
			name = Products;
			sourceTree = "<group>";
		};
		65BAC9891E79227600A75BE5 /* HelixTask */ = {
			isa = PBXGroup;
			children = (
				65C1BDCB1E7E943300A162A6 /* View Controllers */,
				65C1BDCA1E7E942200A162A6 /* Cells */,
				65BAC98A1E79227600A75BE5 /* AppDelegate.swift */,
				65BAC99E1E79229600A75BE5 /* NetworkManager.swift */,
				65C1BDC61E7D5CB700A162A6 /* NewsItem.swift */,
				65BAC9901E79227600A75BE5 /* Main.storyboard */,
				65BAC9931E79227600A75BE5 /* Assets.xcassets */,
				65BAC9951E79227600A75BE5 /* LaunchScreen.storyboard */,
				65BAC9981E79227600A75BE5 /* Info.plist */,
			);
			path = HelixTask;
			sourceTree = "<group>";
		};
		65C1BDCA1E7E942200A162A6 /* Cells */ = {
			isa = PBXGroup;
			children = (
				65BAC9A21E79399D00A75BE5 /* NewsCell.swift */,
				65C1BDC81E7E941500A162A6 /* ImageCell.swift */,
			);
			name = Cells;
			sourceTree = "<group>";
		};
		65C1BDCB1E7E943300A162A6 /* View Controllers */ = {
			isa = PBXGroup;
			children = (
				65BAC98C1E79227600A75BE5 /* MasterViewController.swift */,
				65BAC98E1E79227600A75BE5 /* DetailViewController.swift */,
				65C1BDCC1E7E9D5200A162A6 /* GalleryViewController.swift */,
				658C77A71E80129800A3201E /* WebViewController.swift */,
			);
			name = "View Controllers";
			sourceTree = "<group>";
		};
/* End PBXGroup section */

/* Begin PBXNativeTarget section */
		65BAC9861E79227600A75BE5 /* HelixTask */ = {
			isa = PBXNativeTarget;
			buildConfigurationList = 65BAC99B1E79227600A75BE5 /* Build configuration list for PBXNativeTarget "HelixTask" */;
			buildPhases = (
				65BAC9831E79227600A75BE5 /* Sources */,
				65BAC9841E79227600A75BE5 /* Frameworks */,
				65BAC9851E79227600A75BE5 /* Resources */,
			);
			buildRules = (
			);
			dependencies = (
			);
			name = HelixTask;
			productName = HelixTask;
			productReference = 65BAC9871E79227600A75BE5 /* HelixTask.app */;
			productType = "com.apple.product-type.application";
		};
/* End PBXNativeTarget section */

/* Begin PBXProject section */
		65BAC97F1E79227600A75BE5 /* Project object */ = {
			isa = PBXProject;
			attributes = {
				LastSwiftUpdateCheck = 0820;
				LastUpgradeCheck = 0820;
				ORGANIZATIONNAME = Codefights;
				TargetAttributes = {
					65BAC9861E79227600A75BE5 = {
						CreatedOnToolsVersion = 8.2.1;
						DevelopmentTeam = 6U8RWC3989;
						ProvisioningStyle = Automatic;
					};
				};
			};
			buildConfigurationList = 65BAC9821E79227600A75BE5 /* Build configuration list for PBXProject "HelixTask" */;
			compatibilityVersion = "Xcode 3.2";
			developmentRegion = English;
			hasScannedForEncodings = 0;
			knownRegions = (
				en,
				Base,
			);
			mainGroup = 65BAC97E1E79227600A75BE5;
			productRefGroup = 65BAC9881E79227600A75BE5 /* Products */;
			projectDirPath = "";
			projectRoot = "";
			targets = (
				65BAC9861E79227600A75BE5 /* HelixTask */,
			);
		};
/* End PBXProject section */

/* Begin PBXResourcesBuildPhase section */
		65BAC9851E79227600A75BE5 /* Resources */ = {
			isa = PBXResourcesBuildPhase;
			buildActionMask = 2147483647;
			files = (
				65BAC9971E79227600A75BE5 /* LaunchScreen.storyboard in Resources */,
				65BAC9941E79227600A75BE5 /* Assets.xcassets in Resources */,
				65BAC9921E79227600A75BE5 /* Main.storyboard in Resources */,
			);
			runOnlyForDeploymentPostprocessing = 0;
		};
/* End PBXResourcesBuildPhase section */

/* Begin PBXSourcesBuildPhase section */
		65BAC9831E79227600A75BE5 /* Sources */ = {
			isa = PBXSourcesBuildPhase;
			buildActionMask = 2147483647;
			files = (
				65C1BDC71E7D5CB700A162A6 /* NewsItem.swift in Sources */,
				658C77A81E80129800A3201E /* WebViewController.swift in Sources */,
				65BAC99F1E79229600A75BE5 /* NetworkManager.swift in Sources */,
				65BAC98F1E79227600A75BE5 /* DetailViewController.swift in Sources */,
				65BAC98D1E79227600A75BE5 /* MasterViewController.swift in Sources */,
				65BAC98B1E79227600A75BE5 /* AppDelegate.swift in Sources */,
				65C1BDCD1E7E9D5200A162A6 /* GalleryViewController.swift in Sources */,
				65C1BDC91E7E941500A162A6 /* ImageCell.swift in Sources */,
				65BAC9A31E79399D00A75BE5 /* NewsCell.swift in Sources */,
			);
			runOnlyForDeploymentPostprocessing = 0;
		};
/* End PBXSourcesBuildPhase section */

/* Begin PBXVariantGroup section */
		65BAC9901E79227600A75BE5 /* Main.storyboard */ = {
			isa = PBXVariantGroup;
			children = (
				65BAC9911E79227600A75BE5 /* Base */,
			);
			name = Main.storyboard;
			sourceTree = "<group>";
		};
		65BAC9951E79227600A75BE5 /* LaunchScreen.storyboard */ = {
			isa = PBXVariantGroup;
			children = (
				65BAC9961E79227600A75BE5 /* Base */,
			);
			name = LaunchScreen.storyboard;
			sourceTree = "<group>";
		};
/* End PBXVariantGroup section */

/* Begin XCBuildConfiguration section */
		65BAC9991E79227600A75BE5 /* Debug */ = {
			isa = XCBuildConfiguration;
			buildSettings = {
				ALWAYS_SEARCH_USER_PATHS = NO;
				CLANG_ANALYZER_NONNULL = YES;
				CLANG_CXX_LANGUAGE_STANDARD = "gnu++0x";
				CLANG_CXX_LIBRARY = "libc++";
				CLANG_ENABLE_MODULES = YES;
				CLANG_ENABLE_OBJC_ARC = YES;
				CLANG_WARN_BOOL_CONVERSION = YES;
				CLANG_WARN_CONSTANT_CONVERSION = YES;
				CLANG_WARN_DIRECT_OBJC_ISA_USAGE = YES_ERROR;
				CLANG_WARN_DOCUMENTATION_COMMENTS = YES;
				CLANG_WARN_EMPTY_BODY = YES;
				CLANG_WARN_ENUM_CONVERSION = YES;
				CLANG_WARN_INFINITE_RECURSION = YES;
				CLANG_WARN_INT_CONVERSION = YES;
				CLANG_WARN_OBJC_ROOT_CLASS = YES_ERROR;
				CLANG_WARN_SUSPICIOUS_MOVE = YES;
				CLANG_WARN_UNREACHABLE_CODE = YES;
				CLANG_WARN__DUPLICATE_METHOD_MATCH = YES;
				"CODE_SIGN_IDENTITY[sdk=iphoneos*]" = "iPhone Developer";
				COPY_PHASE_STRIP = NO;
				DEBUG_INFORMATION_FORMAT = dwarf;
				ENABLE_STRICT_OBJC_MSGSEND = YES;
				ENABLE_TESTABILITY = YES;
				GCC_C_LANGUAGE_STANDARD = gnu99;
				GCC_DYNAMIC_NO_PIC = NO;
				GCC_NO_COMMON_BLOCKS = YES;
				GCC_OPTIMIZATION_LEVEL = 0;
				GCC_PREPROCESSOR_DEFINITIONS = (
					"DEBUG=1",
					"$(inherited)",
				);
				GCC_WARN_64_TO_32_BIT_CONVERSION = YES;
				GCC_WARN_ABOUT_RETURN_TYPE = YES_ERROR;
				GCC_WARN_UNDECLARED_SELECTOR = YES;
				GCC_WARN_UNINITIALIZED_AUTOS = YES_AGGRESSIVE;
				GCC_WARN_UNUSED_FUNCTION = YES;
				GCC_WARN_UNUSED_VARIABLE = YES;
				IPHONEOS_DEPLOYMENT_TARGET = 10.2;
				MTL_ENABLE_DEBUG_INFO = YES;
				ONLY_ACTIVE_ARCH = YES;
				SDKROOT = iphoneos;
				SWIFT_ACTIVE_COMPILATION_CONDITIONS = DEBUG;
				SWIFT_OPTIMIZATION_LEVEL = "-Onone";
				TARGETED_DEVICE_FAMILY = "1,2";
			};
			name = Debug;
		};
		65BAC99A1E79227600A75BE5 /* Release */ = {
			isa = XCBuildConfiguration;
			buildSettings = {
				ALWAYS_SEARCH_USER_PATHS = NO;
				CLANG_ANALYZER_NONNULL = YES;
				CLANG_CXX_LANGUAGE_STANDARD = "gnu++0x";
				CLANG_CXX_LIBRARY = "libc++";
				CLANG_ENABLE_MODULES = YES;
				CLANG_ENABLE_OBJC_ARC = YES;
				CLANG_WARN_BOOL_CONVERSION = YES;
				CLANG_WARN_CONSTANT_CONVERSION = YES;
				CLANG_WARN_DIRECT_OBJC_ISA_USAGE = YES_ERROR;
				CLANG_WARN_DOCUMENTATION_COMMENTS = YES;
				CLANG_WARN_EMPTY_BODY = YES;
				CLANG_WARN_ENUM_CONVERSION = YES;
				CLANG_WARN_INFINITE_RECURSION = YES;
				CLANG_WARN_INT_CONVERSION = YES;
				CLANG_WARN_OBJC_ROOT_CLASS = YES_ERROR;
				CLANG_WARN_SUSPICIOUS_MOVE = YES;
				CLANG_WARN_UNREACHABLE_CODE = YES;
				CLANG_WARN__DUPLICATE_METHOD_MATCH = YES;
				"CODE_SIGN_IDENTITY[sdk=iphoneos*]" = "iPhone Developer";
				COPY_PHASE_STRIP = NO;
				DEBUG_INFORMATION_FORMAT = "dwarf-with-dsym";
				ENABLE_NS_ASSERTIONS = NO;
				ENABLE_STRICT_OBJC_MSGSEND = YES;
				GCC_C_LANGUAGE_STANDARD = gnu99;
				GCC_NO_COMMON_BLOCKS = YES;
				GCC_WARN_64_TO_32_BIT_CONVERSION = YES;
				GCC_WARN_ABOUT_RETURN_TYPE = YES_ERROR;
				GCC_WARN_UNDECLARED_SELECTOR = YES;
				GCC_WARN_UNINITIALIZED_AUTOS = YES_AGGRESSIVE;
				GCC_WARN_UNUSED_FUNCTION = YES;
				GCC_WARN_UNUSED_VARIABLE = YES;
				IPHONEOS_DEPLOYMENT_TARGET = 10.2;
				MTL_ENABLE_DEBUG_INFO = NO;
				SDKROOT = iphoneos;
				SWIFT_OPTIMIZATION_LEVEL = "-Owholemodule";
				TARGETED_DEVICE_FAMILY = "1,2";
				VALIDATE_PRODUCT = YES;
			};
			name = Release;
		};
		65BAC99C1E79227600A75BE5 /* Debug */ = {
			isa = XCBuildConfiguration;
			buildSettings = {
				ASSETCATALOG_COMPILER_APPICON_NAME = AppIcon;
				DEVELOPMENT_TEAM = 6U8RWC3989;
				INFOPLIST_FILE = HelixTask/Info.plist;
				LD_RUNPATH_SEARCH_PATHS = "$(inherited) @executable_path/Frameworks";
				PRODUCT_BUNDLE_IDENTIFIER = com..HelixTask;
				PRODUCT_NAME = "$(TARGET_NAME)";
				SWIFT_VERSION = 3.0;
			};
			name = Debug;
		};
		65BAC99D1E79227600A75BE5 /* Release */ = {
			isa = XCBuildConfiguration;
			buildSettings = {
				ASSETCATALOG_COMPILER_APPICON_NAME = AppIcon;
				DEVELOPMENT_TEAM = 6U8RWC3989;
				INFOPLIST_FILE = HelixTask/Info.plist;
				LD_RUNPATH_SEARCH_PATHS = "$(inherited) @executable_path/Frameworks";
				PRODUCT_BUNDLE_IDENTIFIER = com..HelixTask;
				PRODUCT_NAME = "$(TARGET_NAME)";
				SWIFT_VERSION = 3.0;
			};
			name = Release;
		};
/* End XCBuildConfiguration section */

/* Begin XCConfigurationList section */
		65BAC9821E79227600A75BE5 /* Build configuration list for PBXProject "HelixTask" */ = {
			isa = XCConfigurationList;
			buildConfigurations = (
				65BAC9991E79227600A75BE5 /* Debug */,
				65BAC99A1E79227600A75BE5 /* Release */,
			);
			defaultConfigurationIsVisible = 0;
			defaultConfigurationName = Release;
		};
		65BAC99B1E79227600A75BE5 /* Build configuration list for PBXNativeTarget "HelixTask" */ = {
			isa = XCConfigurationList;
			buildConfigurations = (
				65BAC99C1E79227600A75BE5 /* Debug */,
				65BAC99D1E79227600A75BE5 /* Release */,
			);
			defaultConfigurationIsVisible = 0;
			defaultConfigurationName = Release;
		};
/* End XCConfigurationList section */
	};
	rootObject = 65BAC97F1E79227600A75BE5 /* Project object */;
}
